{
  "name": "censorify",
  "version": "0.0.1",
  "lockfileVersion": 2,
  "requires": true,
  "packages": {
    "": {
      "name": "censorify",
      "version": "0.0.1",
      "dependencies": {
        "cencorify": "^0.0.1",
        "censorify": "file:censorify-0.0.1.tgz"
      },
      "engines": {
        "node": "*"
      }
    },
    "node_modules/cencorify": {
      "version": "0.0.1",
      "resolved": "https://registry.npmjs.org/cencorify/-/cencorify-0.0.1.tgz",
      "integrity": "sha512-wIvy5OKjyd2QL51oeg7anHNq9csDDA3YK/yGLcJ5WwNDYF3Z6jHCqDcgJOAFKe6Ae1Juwq8vh9pDxdtm60/s4g==",
      "engines": {
        "node": "*"
      }
    },
    "node_modules/censorify": {
      "version": "0.0.1",
      "resolved": "file:censorify-0.0.1.tgz",
      "integrity": "sha512-Qd36nl7P+Ps8KmSGB0Peq3BwPnzJdf4WmlGkMv4RDo2/uet7ufMJSG4BXGCigtZcNmTpFgaKSz1vVgK15wSwOg==",
      "engines": {
        "node": "*"
      }
    }
  },
  "dependencies": {
    "cencorify": {
      "version": "0.0.1",
      "resolved": "https://registry.npmjs.org/cencorify/-/cencorify-0.0.1.tgz",
      "integrity": "sha512-wIvy5OKjyd2QL51oeg7anHNq9csDDA3YK/yGLcJ5WwNDYF3Z6jHCqDcgJOAFKe6Ae1Juwq8vh9pDxdtm60/s4g=="
    },
    "censorify": {
      "version": "file:censorify-0.0.1.tgz",
      "integrity": "sha512-Qd36nl7P+Ps8KmSGB0Peq3BwPnzJdf4WmlGkMv4RDo2/uet7ufMJSG4BXGCigtZcNmTpFgaKSz1vVgK15wSwOg=="
    }
  }
}
